
Microsoft Visual Studio Solution File, Format Version 12.00
# Visual Studio Version 16
VisualStudioVersion = 16.0.30114.105
MinimumVisualStudioVersion = 10.0.40219.1
Project("{FAE04EC0-301F-11D3-BF4B-00C04F79EFBC}") = "Marathon.HangFire", "Marathon.HangFire\Marathon.HangFire.csproj", "{1F840CFE-8E02-4A14-8A73-BEFC1385B25C}"
EndProject
Project("{FAE04EC0-301F-11D3-BF4B-00C04F79EFBC}") = "Marathon.UnitTests", "Marathon.UnitTests\Marathon.UnitTests.csproj", "{017650A0-CEE7-4236-882C-B8E0B11ACD76}"
EndProject
Global
	GlobalSection(SolutionConfigurationPlatforms) = preSolution
		Debug|Any CPU = Debug|Any CPU
		Release|Any CPU = Release|Any CPU
	EndGlobalSection
	GlobalSection(SolutionProperties) = preSolution
		HideSolutionNode = FALSE
	EndGlobalSection
	GlobalSection(ProjectConfigurationPlatforms) = postSolution
		{1F840CFE-8E02-4A14-8A73-BEFC1385B25C}.Debug|Any CPU.ActiveCfg = Debug|Any CPU
		{1F840CFE-8E02-4A14-8A73-BEFC1385B25C}.Debug|Any CPU.Build.0 = Debug|Any CPU
		{1F840CFE-8E02-4A14-8A73-BEFC1385B25C}.Release|Any CPU.ActiveCfg = Release|Any CPU
		{1F840CFE-8E02-4A14-8A73-BEFC1385B25C}.Release|Any CPU.Build.0 = Release|Any CPU
		{017650A0-CEE7-4236-882C-B8E0B11ACD76}.Debug|Any CPU.ActiveCfg = Debug|Any CPU
		{017650A0-CEE7-4236-882C-B8E0B11ACD76}.Debug|Any CPU.Build.0 = Debug|Any CPU
		{017650A0-CEE7-4236-882C-B8E0B11ACD76}.Release|Any CPU.ActiveCfg = Release|Any CPU
		{017650A0-CEE7-4236-882C-B8E0B11ACD76}.Release|Any CPU.Build.0 = Release|Any CPU
	EndGlobalSection
EndGlobal
